
Microsoft Visual Studio Solution File, Format Version 12.00
# Visual Studio Version 17
VisualStudioVersion = 17.0.32112.339
MinimumVisualStudioVersion = 10.0.40219.1
Project("{9A19103F-16F7-4668-BE54-9A1E7A4F7556}") = "API_PaymentTest", "API_PaymentTest\API_PaymentTest.csproj", "{86062ECF-EA2B-401C-8C45-DDFC875E880A}"
EndProject
Project("{9A19103F-16F7-4668-BE54-9A1E7A4F7556}") = "Data", "Data\Data.csproj", "{360515CF-5759-4AFB-94AC-C951AE709DD0}"
EndProject
Project("{9A19103F-16F7-4668-BE54-9A1E7A4F7556}") = "Business", "Business\Business.csproj", "{7EA96ACC-F778-4A95-8152-240E8771A640}"
EndProject
Project("{9A19103F-16F7-4668-BE54-9A1E7A4F7556}") = "Entity", "Entity\Entity.csproj", "{C9D1910D-EE6D-4269-94B2-3096545259CE}"
EndProject
Project("{9A19103F-16F7-4668-BE54-9A1E7A4F7556}") = "DbContextLaye", "DbContext\DbContextLaye.csproj", "{2C49F28A-F98A-4F76-A892-50228665C46E}"
EndProject
Project("{9A19103F-16F7-4668-BE54-9A1E7A4F7556}") = "API_PaymentTest_Test", "API_PaymentTest_Test\API_PaymentTest_Test.csproj", "{C6FF32B3-D212-4AC7-A59A-5D0FBC419FE6}"
EndProject
Global
	GlobalSection(SolutionConfigurationPlatforms) = preSolution
		Debug|Any CPU = Debug|Any CPU
		Debug|ARM = Debug|ARM
		Debug|ARM64 = Debug|ARM64
		Debug|x64 = Debug|x64
		Debug|x86 = Debug|x86
		Release|Any CPU = Release|Any CPU
		Release|ARM = Release|ARM
		Release|ARM64 = Release|ARM64
		Release|x64 = Release|x64
		Release|x86 = Release|x86
	EndGlobalSection
	GlobalSection(ProjectConfigurationPlatforms) = postSolution
		{86062ECF-EA2B-401C-8C45-DDFC875E880A}.Debug|Any CPU.ActiveCfg = Debug|Any CPU
		{86062ECF-EA2B-401C-8C45-DDFC875E880A}.Debug|Any CPU.Build.0 = Debug|Any CPU
		{86062ECF-EA2B-401C-8C45-DDFC875E880A}.Debug|ARM.ActiveCfg = Debug|Any CPU
		{86062ECF-EA2B-401C-8C45-DDFC875E880A}.Debug|ARM.Build.0 = Debug|Any CPU
		{86062ECF-EA2B-401C-8C45-DDFC875E880A}.Debug|ARM64.ActiveCfg = Debug|Any CPU
		{86062ECF-EA2B-401C-8C45-DDFC875E880A}.Debug|ARM64.Build.0 = Debug|Any CPU
		{86062ECF-EA2B-401C-8C45-DDFC875E880A}.Debug|x64.ActiveCfg = Debug|Any CPU
		{86062ECF-EA2B-401C-8C45-DDFC875E880A}.Debug|x64.Build.0 = Debug|Any CPU
		{86062ECF-EA2B-401C-8C45-DDFC875E880A}.Debug|x86.ActiveCfg = Debug|Any CPU
		{86062ECF-EA2B-401C-8C45-DDFC875E880A}.Debug|x86.Build.0 = Debug|Any CPU
		{86062ECF-EA2B-401C-8C45-DDFC875E880A}.Release|Any CPU.ActiveCfg = Release|Any CPU
		{86062ECF-EA2B-401C-8C45-DDFC875E880A}.Release|Any CPU.Build.0 = Release|Any CPU
		{86062ECF-EA2B-401C-8C45-DDFC875E880A}.Release|ARM.ActiveCfg = Release|Any CPU
		{86062ECF-EA2B-401C-8C45-DDFC875E880A}.Release|ARM.Build.0 = Release|Any CPU
		{86062ECF-EA2B-401C-8C45-DDFC875E880A}.Release|ARM64.ActiveCfg = Release|Any CPU
		{86062ECF-EA2B-401C-8C45-DDFC875E880A}.Release|ARM64.Build.0 = Release|Any CPU
		{86062ECF-EA2B-401C-8C45-DDFC875E880A}.Release|x64.ActiveCfg = Release|Any CPU
		{86062ECF-EA2B-401C-8C45-DDFC875E880A}.Release|x64.Build.0 = Release|Any CPU
		{86062ECF-EA2B-401C-8C45-DDFC875E880A}.Release|x86.ActiveCfg = Release|Any CPU
		{86062ECF-EA2B-401C-8C45-DDFC875E880A}.Release|x86.Build.0 = Release|Any CPU
		{360515CF-5759-4AFB-94AC-C951AE709DD0}.Debug|Any CPU.ActiveCfg = Debug|Any CPU
		{360515CF-5759-4AFB-94AC-C951AE709DD0}.Debug|Any CPU.Build.0 = Debug|Any CPU
		{360515CF-5759-4AFB-94AC-C951AE709DD0}.Debug|ARM.ActiveCfg = Debug|Any CPU
		{360515CF-5759-4AFB-94AC-C951AE709DD0}.Debug|ARM.Build.0 = Debug|Any CPU
		{360515CF-5759-4AFB-94AC-C951AE709DD0}.Debug|ARM64.ActiveCfg = Debug|Any CPU
		{360515CF-5759-4AFB-94AC-C951AE709DD0}.Debug|ARM64.Build.0 = Debug|Any CPU
		{360515CF-5759-4AFB-94AC-C951AE709DD0}.Debug|x64.ActiveCfg = Debug|Any CPU
		{360515CF-5759-4AFB-94AC-C951AE709DD0}.Debug|x64.Build.0 = Debug|Any CPU
		{360515CF-5759-4AFB-94AC-C951AE709DD0}.Debug|x86.ActiveCfg = Debug|Any CPU
		{360515CF-5759-4AFB-94AC-C951AE709DD0}.Debug|x86.Build.0 = Debug|Any CPU
		{360515CF-5759-4AFB-94AC-C951AE709DD0}.Release|Any CPU.ActiveCfg = Release|Any CPU
		{360515CF-5759-4AFB-94AC-C951AE709DD0}.Release|Any CPU.Build.0 = Release|Any CPU
		{360515CF-5759-4AFB-94AC-C951AE709DD0}.Release|ARM.ActiveCfg = Release|Any CPU
		{360515CF-5759-4AFB-94AC-C951AE709DD0}.Release|ARM.Build.0 = Release|Any CPU
		{360515CF-5759-4AFB-94AC-C951AE709DD0}.Release|ARM64.ActiveCfg = Release|Any CPU
		{360515CF-5759-4AFB-94AC-C951AE709DD0}.Release|ARM64.Build.0 = Release|Any CPU
		{360515CF-5759-4AFB-94AC-C951AE709DD0}.Release|x64.ActiveCfg = Release|Any CPU
		{360515CF-5759-4AFB-94AC-C951AE709DD0}.Release|x64.Build.0 = Release|Any CPU
		{360515CF-5759-4AFB-94AC-C951AE709DD0}.Release|x86.ActiveCfg = Release|Any CPU
		{360515CF-5759-4AFB-94AC-C951AE709DD0}.Release|x86.Build.0 = Release|Any CPU
		{7EA96ACC-F778-4A95-8152-240E8771A640}.Debug|Any CPU.ActiveCfg = Debug|Any CPU
		{7EA96ACC-F778-4A95-8152-240E8771A640}.Debug|Any CPU.Build.0 = Debug|Any CPU
		{7EA96ACC-F778-4A95-8152-240E8771A640}.Debug|ARM.ActiveCfg = Debug|Any CPU
		{7EA96ACC-F778-4A95-8152-240E8771A640}.Debug|ARM.Build.0 = Debug|Any CPU
		{7EA96ACC-F778-4A95-8152-240E8771A640}.Debug|ARM64.ActiveCfg = Debug|Any CPU
		{7EA96ACC-F778-4A95-8152-240E8771A640}.Debug|ARM64.Build.0 = Debug|Any CPU
		{7EA96ACC-F778-4A95-8152-240E8771A640}.Debug|x64.ActiveCfg = Debug|Any CPU
		{7EA96ACC-F778-4A95-8152-240E8771A640}.Debug|x64.Build.0 = Debug|Any CPU
		{7EA96ACC-F778-4A95-8152-240E8771A640}.Debug|x86.ActiveCfg = Debug|Any CPU
		{7EA96ACC-F778-4A95-8152-240E8771A640}.Debug|x86.Build.0 = Debug|Any CPU
		{7EA96ACC-F778-4A95-8152-240E8771A640}.Release|Any CPU.ActiveCfg = Release|Any CPU
		{7EA96ACC-F778-4A95-8152-240E8771A640}.Release|Any CPU.Build.0 = Release|Any CPU
		{7EA96ACC-F778-4A95-8152-240E8771A640}.Release|ARM.ActiveCfg = Release|Any CPU
		{7EA96ACC-F778-4A95-8152-240E8771A640}.Release|ARM.Build.0 = Release|Any CPU
		{7EA96ACC-F778-4A95-8152-240E8771A640}.Release|ARM64.ActiveCfg = Release|Any CPU
		{7EA96ACC-F778-4A95-8152-240E8771A640}.Release|ARM64.Build.0 = Release|Any CPU
		{7EA96ACC-F778-4A95-8152-240E8771A640}.Release|x64.ActiveCfg = Release|Any CPU
		{7EA96ACC-F778-4A95-8152-240E8771A640}.Release|x64.Build.0 = Release|Any CPU
		{7EA96ACC-F778-4A95-8152-240E8771A640}.Release|x86.ActiveCfg = Release|Any CPU
		{7EA96ACC-F778-4A95-8152-240E8771A640}.Release|x86.Build.0 = Release|Any CPU
		{C9D1910D-EE6D-4269-94B2-3096545259CE}.Debug|Any CPU.ActiveCfg = Debug|Any CPU
		{C9D1910D-EE6D-4269-94B2-3096545259CE}.Debug|Any CPU.Build.0 = Debug|Any CPU
		{C9D1910D-EE6D-4269-94B2-3096545259CE}.Debug|ARM.ActiveCfg = Debug|Any CPU
		{C9D1910D-EE6D-4269-94B2-3096545259CE}.Debug|ARM.Build.0 = Debug|Any CPU
		{C9D1910D-EE6D-4269-94B2-3096545259CE}.Debug|ARM64.ActiveCfg = Debug|Any CPU
		{C9D1910D-EE6D-4269-94B2-3096545259CE}.Debug|ARM64.Build.0 = Debug|Any CPU
		{C9D1910D-EE6D-4269-94B2-3096545259CE}.Debug|x64.ActiveCfg = Debug|Any CPU
		{C9D1910D-EE6D-4269-94B2-3096545259CE}.Debug|x64.Build.0 = Debug|Any CPU
		{C9D1910D-EE6D-4269-94B2-3096545259CE}.Debug|x86.ActiveCfg = Debug|Any CPU
		{C9D1910D-EE6D-4269-94B2-3096545259CE}.Debug|x86.Build.0 = Debug|Any CPU
		{C9D1910D-EE6D-4269-94B2-3096545259CE}.Release|Any CPU.ActiveCfg = Release|Any CPU
		{C9D1910D-EE6D-4269-94B2-3096545259CE}.Release|Any CPU.Build.0 = Release|Any CPU
		{C9D1910D-EE6D-4269-94B2-3096545259CE}.Release|ARM.ActiveCfg = Release|Any CPU
		{C9D1910D-EE6D-4269-94B2-3096545259CE}.Release|ARM.Build.0 = Release|Any CPU
		{C9D1910D-EE6D-4269-94B2-3096545259CE}.Release|ARM64.ActiveCfg = Release|Any CPU
		{C9D1910D-EE6D-4269-94B2-3096545259CE}.Release|ARM64.Build.0 = Release|Any CPU
		{C9D1910D-EE6D-4269-94B2-3096545259CE}.Release|x64.ActiveCfg = Release|Any CPU
		{C9D1910D-EE6D-4269-94B2-3096545259CE}.Release|x64.Build.0 = Release|Any CPU
		{C9D1910D-EE6D-4269-94B2-3096545259CE}.Release|x86.ActiveCfg = Release|Any CPU
		{C9D1910D-EE6D-4269-94B2-3096545259CE}.Release|x86.Build.0 = Release|Any CPU
		{2C49F28A-F98A-4F76-A892-50228665C46E}.Debug|Any CPU.ActiveCfg = Debug|Any CPU
		{2C49F28A-F98A-4F76-A892-50228665C46E}.Debug|Any CPU.Build.0 = Debug|Any CPU
		{2C49F28A-F98A-4F76-A892-50228665C46E}.Debug|ARM.ActiveCfg = Debug|Any CPU
		{2C49F28A-F98A-4F76-A892-50228665C46E}.Debug|ARM.Build.0 = Debug|Any CPU
		{2C49F28A-F98A-4F76-A892-50228665C46E}.Debug|ARM64.ActiveCfg = Debug|Any CPU
		{2C49F28A-F98A-4F76-A892-50228665C46E}.Debug|ARM64.Build.0 = Debug|Any CPU
		{2C49F28A-F98A-4F76-A892-50228665C46E}.Debug|x64.ActiveCfg = Debug|Any CPU
		{2C49F28A-F98A-4F76-A892-50228665C46E}.Debug|x64.Build.0 = Debug|Any CPU
		{2C49F28A-F98A-4F76-A892-50228665C46E}.Debug|x86.ActiveCfg = Debug|Any CPU
		{2C49F28A-F98A-4F76-A892-50228665C46E}.Debug|x86.Build.0 = Debug|Any CPU
		{2C49F28A-F98A-4F76-A892-50228665C46E}.Release|Any CPU.ActiveCfg = Release|Any CPU
		{2C49F28A-F98A-4F76-A892-50228665C46E}.Release|Any CPU.Build.0 = Release|Any CPU
		{2C49F28A-F98A-4F76-A892-50228665C46E}.Release|ARM.ActiveCfg = Release|Any CPU
		{2C49F28A-F98A-4F76-A892-50228665C46E}.Release|ARM.Build.0 = Release|Any CPU
		{2C49F28A-F98A-4F76-A892-50228665C46E}.Release|ARM64.ActiveCfg = Release|Any CPU
		{2C49F28A-F98A-4F76-A892-50228665C46E}.Release|ARM64.Build.0 = Release|Any CPU
		{2C49F28A-F98A-4F76-A892-50228665C46E}.Release|x64.ActiveCfg = Release|Any CPU
		{2C49F28A-F98A-4F76-A892-50228665C46E}.Release|x64.Build.0 = Release|Any CPU
		{2C49F28A-F98A-4F76-A892-50228665C46E}.Release|x86.ActiveCfg = Release|Any CPU
		{2C49F28A-F98A-4F76-A892-50228665C46E}.Release|x86.Build.0 = Release|Any CPU
		{C6FF32B3-D212-4AC7-A59A-5D0FBC419FE6}.Debug|Any CPU.ActiveCfg = Debug|Any CPU
		{C6FF32B3-D212-4AC7-A59A-5D0FBC419FE6}.Debug|Any CPU.Build.0 = Debug|Any CPU
		{C6FF32B3-D212-4AC7-A59A-5D0FBC419FE6}.Debug|ARM.ActiveCfg = Debug|Any CPU
		{C6FF32B3-D212-4AC7-A59A-5D0FBC419FE6}.Debug|ARM.Build.0 = Debug|Any CPU
		{C6FF32B3-D212-4AC7-A59A-5D0FBC419FE6}.Debug|ARM64.ActiveCfg = Debug|Any CPU
		{C6FF32B3-D212-4AC7-A59A-5D0FBC419FE6}.Debug|ARM64.Build.0 = Debug|Any CPU
		{C6FF32B3-D212-4AC7-A59A-5D0FBC419FE6}.Debug|x64.ActiveCfg = Debug|Any CPU
		{C6FF32B3-D212-4AC7-A59A-5D0FBC419FE6}.Debug|x64.Build.0 = Debug|Any CPU
		{C6FF32B3-D212-4AC7-A59A-5D0FBC419FE6}.Debug|x86.ActiveCfg = Debug|Any CPU
		{C6FF32B3-D212-4AC7-A59A-5D0FBC419FE6}.Debug|x86.Build.0 = Debug|Any CPU
		{C6FF32B3-D212-4AC7-A59A-5D0FBC419FE6}.Release|Any CPU.ActiveCfg = Release|Any CPU
		{C6FF32B3-D212-4AC7-A59A-5D0FBC419FE6}.Release|Any CPU.Build.0 = Release|Any CPU
		{C6FF32B3-D212-4AC7-A59A-5D0FBC419FE6}.Release|ARM.ActiveCfg = Release|Any CPU
		{C6FF32B3-D212-4AC7-A59A-5D0FBC419FE6}.Release|ARM.Build.0 = Release|Any CPU
		{C6FF32B3-D212-4AC7-A59A-5D0FBC419FE6}.Release|ARM64.ActiveCfg = Release|Any CPU
		{C6FF32B3-D212-4AC7-A59A-5D0FBC419FE6}.Release|ARM64.Build.0 = Release|Any CPU
		{C6FF32B3-D212-4AC7-A59A-5D0FBC419FE6}.Release|x64.ActiveCfg = Release|Any CPU
		{C6FF32B3-D212-4AC7-A59A-5D0FBC419FE6}.Release|x64.Build.0 = Release|Any CPU
		{C6FF32B3-D212-4AC7-A59A-5D0FBC419FE6}.Release|x86.ActiveCfg = Release|Any CPU
		{C6FF32B3-D212-4AC7-A59A-5D0FBC419FE6}.Release|x86.Build.0 = Release|Any CPU
	EndGlobalSection
	GlobalSection(SolutionProperties) = preSolution
		HideSolutionNode = FALSE
	EndGlobalSection
	GlobalSection(ExtensibilityGlobals) = postSolution
		SolutionGuid = {E5AFE75F-5BBC-460B-88F8-8843657F9A65}
	EndGlobalSection
EndGlobal
